// !$*UTF8*$!
{
	archiveVersion = 1;
	classes = {
	};
	objectVersion = 46;
	objects = {

/* Begin PBXBuildFile section */
		5701A11F1CAD622900E0EDAD /* MessageViewController.swift in Sources */ = {isa = PBXBuildFile; fileRef = 5701A11E1CAD622900E0EDAD /* MessageViewController.swift */; };
		571846851CB55EB0004F3479 /* Messages.swift in Sources */ = {isa = PBXBuildFile; fileRef = 571846841CB55EB0004F3479 /* Messages.swift */; };
		57D3EC991CA528B50089B52E /* AppDelegate.swift in Sources */ = {isa = PBXBuildFile; fileRef = 57D3EC981CA528B50089B52E /* AppDelegate.swift */; };
		57D3EC9E1CA528B50089B52E /* Main.storyboard in Resources */ = {isa = PBXBuildFile; fileRef = 57D3EC9C1CA528B50089B52E /* Main.storyboard */; };
		57D3ECA31CA528B50089B52E /* Assets.xcassets in Resources */ = {isa = PBXBuildFile; fileRef = 57D3ECA21CA528B50089B52E /* Assets.xcassets */; };
		57D3ECA61CA528B50089B52E /* LaunchScreen.storyboard in Resources */ = {isa = PBXBuildFile; fileRef = 57D3ECA41CA528B50089B52E /* LaunchScreen.storyboard */; };
		57D3ECAE1CA55AB20089B52E /* MyTableViewController.swift in Sources */ = {isa = PBXBuildFile; fileRef = 57D3ECAD1CA55AB20089B52E /* MyTableViewController.swift */; };
		57D3ECB01CA55AFA0089B52E /* ListTableViewCell.swift in Sources */ = {isa = PBXBuildFile; fileRef = 57D3ECAF1CA55AFA0089B52E /* ListTableViewCell.swift */; };
		57D3ECB21CA55C3F0089B52E /* MapViewController.swift in Sources */ = {isa = PBXBuildFile; fileRef = 57D3ECB11CA55C3F0089B52E /* MapViewController.swift */; };
		57D3ECB41CA55C6F0089B52E /* MapKit.framework in Frameworks */ = {isa = PBXBuildFile; fileRef = 57D3ECB31CA55C6F0089B52E /* MapKit.framework */; };
		57D3ECBA1CA571940089B52E /* txtlist.xcdatamodeld in Sources */ = {isa = PBXBuildFile; fileRef = 57D3ECB81CA571940089B52E /* txtlist.xcdatamodeld */; };
		57D3ECBC1CA575F20089B52E /* Message.swift in Sources */ = {isa = PBXBuildFile; fileRef = 57D3ECBB1CA575F20089B52E /* Message.swift */; };
/* End PBXBuildFile section */

/* Begin PBXFileReference section */
		5701A11E1CAD622900E0EDAD /* MessageViewController.swift */ = {isa = PBXFileReference; fileEncoding = 4; lastKnownFileType = sourcecode.swift; path = MessageViewController.swift; sourceTree = "<group>"; };
		571846841CB55EB0004F3479 /* Messages.swift */ = {isa = PBXFileReference; fileEncoding = 4; lastKnownFileType = sourcecode.swift; path = Messages.swift; sourceTree = "<group>"; };
		57D3EC951CA528B50089B52E /* 0325trymap.app */ = {isa = PBXFileReference; explicitFileType = wrapper.application; includeInIndex = 0; path = 0325trymap.app; sourceTree = BUILT_PRODUCTS_DIR; };
		57D3EC981CA528B50089B52E /* AppDelegate.swift */ = {isa = PBXFileReference; lastKnownFileType = sourcecode.swift; path = AppDelegate.swift; sourceTree = "<group>"; };
		57D3EC9D1CA528B50089B52E /* Base */ = {isa = PBXFileReference; lastKnownFileType = file.storyboard; name = Base; path = Base.lproj/Main.storyboard; sourceTree = "<group>"; };
		57D3ECA21CA528B50089B52E /* Assets.xcassets */ = {isa = PBXFileReference; lastKnownFileType = folder.assetcatalog; path = Assets.xcassets; sourceTree = "<group>"; };
		57D3ECA51CA528B50089B52E /* Base */ = {isa = PBXFileReference; lastKnownFileType = file.storyboard; name = Base; path = Base.lproj/LaunchScreen.storyboard; sourceTree = "<group>"; };
		57D3ECA71CA528B50089B52E /* Info.plist */ = {isa = PBXFileReference; lastKnownFileType = text.plist.xml; path = Info.plist; sourceTree = "<group>"; };
		57D3ECAD1CA55AB20089B52E /* MyTableViewController.swift */ = {isa = PBXFileReference; fileEncoding = 4; lastKnownFileType = sourcecode.swift; path = MyTableViewController.swift; sourceTree = "<group>"; };
		57D3ECAF1CA55AFA0089B52E /* ListTableViewCell.swift */ = {isa = PBXFileReference; fileEncoding = 4; lastKnownFileType = sourcecode.swift; path = ListTableViewCell.swift; sourceTree = "<group>"; };
		57D3ECB11CA55C3F0089B52E /* MapViewController.swift */ = {isa = PBXFileReference; fileEncoding = 4; lastKnownFileType = sourcecode.swift; path = MapViewController.swift; sourceTree = "<group>"; };
		57D3ECB31CA55C6F0089B52E /* MapKit.framework */ = {isa = PBXFileReference; lastKnownFileType = wrapper.framework; name = MapKit.framework; path = System/Library/Frameworks/MapKit.framework; sourceTree = SDKROOT; };
		57D3ECB91CA571940089B52E /* txtlist.xcdatamodel */ = {isa = PBXFileReference; lastKnownFileType = wrapper.xcdatamodel; path = txtlist.xcdatamodel; sourceTree = "<group>"; };
		57D3ECBB1CA575F20089B52E /* Message.swift */ = {isa = PBXFileReference; fileEncoding = 4; lastKnownFileType = sourcecode.swift; path = Message.swift; sourceTree = "<group>"; };
/* End PBXFileReference section */

/* Begin PBXFrameworksBuildPhase section */
		57D3EC921CA528B50089B52E /* Frameworks */ = {
			isa = PBXFrameworksBuildPhase;
			buildActionMask = 2147483647;
			files = (
				57D3ECB41CA55C6F0089B52E /* MapKit.framework in Frameworks */,
			);
			runOnlyForDeploymentPostprocessing = 0;
		};
/* End PBXFrameworksBuildPhase section */

/* Begin PBXGroup section */
		57D3EC8C1CA528B50089B52E = {
			isa = PBXGroup;
			children = (
				571846841CB55EB0004F3479 /* Messages.swift */,
				57D3ECB31CA55C6F0089B52E /* MapKit.framework */,
				57D3EC971CA528B50089B52E /* 0325trymap */,
				57D3EC961CA528B50089B52E /* Products */,
			);
			sourceTree = "<group>";
		};
		57D3EC961CA528B50089B52E /* Products */ = {
			isa = PBXGroup;
			children = (
				57D3EC951CA528B50089B52E /* 0325trymap.app */,
			);
			name = Products;
			sourceTree = "<group>";
		};
		57D3EC971CA528B50089B52E /* 0325trymap */ = {
			isa = PBXGroup;
			children = (
				57D3EC981CA528B50089B52E /* AppDelegate.swift */,
				57D3EC9C1CA528B50089B52E /* Main.storyboard */,
				57D3ECA21CA528B50089B52E /* Assets.xcassets */,
				57D3ECA41CA528B50089B52E /* LaunchScreen.storyboard */,
				57D3ECA71CA528B50089B52E /* Info.plist */,
				57D3ECAD1CA55AB20089B52E /* MyTableViewController.swift */,
				57D3ECAF1CA55AFA0089B52E /* ListTableViewCell.swift */,
				57D3ECB11CA55C3F0089B52E /* MapViewController.swift */,
				57D3ECB81CA571940089B52E /* txtlist.xcdatamodeld */,
				57D3ECBB1CA575F20089B52E /* Message.swift */,
				5701A11E1CAD622900E0EDAD /* MessageViewController.swift */,
			);
			path = 0325trymap;
			sourceTree = "<group>";
		};
/* End PBXGroup section */

/* Begin PBXNativeTarget section */
		57D3EC941CA528B50089B52E /* 0325trymap */ = {
			isa = PBXNativeTarget;
			buildConfigurationList = 57D3ECAA1CA528B50089B52E /* Build configuration list for PBXNativeTarget "0325trymap" */;
			buildPhases = (
				57D3EC911CA528B50089B52E /* Sources */,
				57D3EC921CA528B50089B52E /* Frameworks */,
				57D3EC931CA528B50089B52E /* Resources */,
			);
			buildRules = (
			);
			dependencies = (
			);
			name = 0325trymap;
			productName = 0325trymap;
			productReference = 57D3EC951CA528B50089B52E /* 0325trymap.app */;
			productType = "com.apple.product-type.application";
		};
/* End PBXNativeTarget section */

/* Begin PBXProject section */
		57D3EC8D1CA528B50089B52E /* Project object */ = {
			isa = PBXProject;
			attributes = {
				LastSwiftUpdateCheck = 0730;
				LastUpgradeCheck = 0730;
				ORGANIZATIONNAME = "Lin Circle";
				TargetAttributes = {
					57D3EC941CA528B50089B52E = {
						CreatedOnToolsVersion = 7.3;
						DevelopmentTeam = 4QX528523R;
						SystemCapabilities = {
							com.apple.Maps.iOS = {
								enabled = 1;
							};
						};
					};
				};
			};
			buildConfigurationList = 57D3EC901CA528B50089B52E /* Build configuration list for PBXProject "0325trymap" */;
			compatibilityVersion = "Xcode 3.2";
			developmentRegion = English;
			hasScannedForEncodings = 0;
			knownRegions = (
				en,
				Base,
			);
			mainGroup = 57D3EC8C1CA528B50089B52E;
			productRefGroup = 57D3EC961CA528B50089B52E /* Products */;
			projectDirPath = "";
			projectRoot = "";
			targets = (
				57D3EC941CA528B50089B52E /* 0325trymap */,
			);
		};
/* End PBXProject section */

/* Begin PBXResourcesBuildPhase section */
		57D3EC931CA528B50089B52E /* Resources */ = {
			isa = PBXResourcesBuildPhase;
			buildActionMask = 2147483647;
			files = (
				57D3ECA61CA528B50089B52E /* LaunchScreen.storyboard in Resources */,
				57D3ECA31CA528B50089B52E /* Assets.xcassets in Resources */,
				57D3EC9E1CA528B50089B52E /* Main.storyboard in Resources */,
			);
			runOnlyForDeploymentPostprocessing = 0;
		};
/* End PBXResourcesBuildPhase section */

/* Begin PBXSourcesBuildPhase section */
		57D3EC911CA528B50089B52E /* Sources */ = {
			isa = PBXSourcesBuildPhase;
			buildActionMask = 2147483647;
			files = (
				57D3ECB01CA55AFA0089B52E /* ListTableViewCell.swift in Sources */,
				571846851CB55EB0004F3479 /* Messages.swift in Sources */,
				57D3ECBA1CA571940089B52E /* txtlist.xcdatamodeld in Sources */,
				57D3ECAE1CA55AB20089B52E /* MyTableViewController.swift in Sources */,
				57D3ECB21CA55C3F0089B52E /* MapViewController.swift in Sources */,
				57D3EC991CA528B50089B52E /* AppDelegate.swift in Sources */,
				57D3ECBC1CA575F20089B52E /* Message.swift in Sources */,
				5701A11F1CAD622900E0EDAD /* MessageViewController.swift in Sources */,
			);
			runOnlyForDeploymentPostprocessing = 0;
		};
/* End PBXSourcesBuildPhase section */

/* Begin PBXVariantGroup section */
		57D3EC9C1CA528B50089B52E /* Main.storyboard */ = {
			isa = PBXVariantGroup;
			children = (
				57D3EC9D1CA528B50089B52E /* Base */,
			);
			name = Main.storyboard;
			sourceTree = "<group>";
		};
		57D3ECA41CA528B50089B52E /* LaunchScreen.storyboard */ = {
			isa = PBXVariantGroup;
			children = (
				57D3ECA51CA528B50089B52E /* Base */,
			);
			name = LaunchScreen.storyboard;
			sourceTree = "<group>";
		};
/* End PBXVariantGroup section */

/* Begin XCBuildConfiguration section */
		57D3ECA81CA528B50089B52E /* Debug */ = {
			isa = XCBuildConfiguration;
			buildSettings = {
				ALWAYS_SEARCH_USER_PATHS = NO;
				CLANG_ANALYZER_NONNULL = YES;
				CLANG_CXX_LANGUAGE_STANDARD = "gnu++0x";
				CLANG_CXX_LIBRARY = "libc++";
				CLANG_ENABLE_MODULES = YES;
				CLANG_ENABLE_OBJC_ARC = YES;
				CLANG_WARN_BOOL_CONVERSION = YES;
				CLANG_WARN_CONSTANT_CONVERSION = YES;
				CLANG_WARN_DIRECT_OBJC_ISA_USAGE = YES_ERROR;
				CLANG_WARN_EMPTY_BODY = YES;
				CLANG_WARN_ENUM_CONVERSION = YES;
				CLANG_WARN_INT_CONVERSION = YES;
				CLANG_WARN_OBJC_ROOT_CLASS = YES_ERROR;
				CLANG_WARN_UNREACHABLE_CODE = YES;
				CLANG_WARN__DUPLICATE_METHOD_MATCH = YES;
				"CODE_SIGN_IDENTITY[sdk=iphoneos*]" = "iPhone Developer";
				COPY_PHASE_STRIP = NO;
				DEBUG_INFORMATION_FORMAT = dwarf;
				ENABLE_STRICT_OBJC_MSGSEND = YES;
				ENABLE_TESTABILITY = YES;
				GCC_C_LANGUAGE_STANDARD = gnu99;
				GCC_DYNAMIC_NO_PIC = NO;
				GCC_NO_COMMON_BLOCKS = YES;
				GCC_OPTIMIZATION_LEVEL = 0;
				GCC_PREPROCESSOR_DEFINITIONS = (
					"DEBUG=1",
					"$(inherited)",
				);
				GCC_WARN_64_TO_32_BIT_CONVERSION = YES;
				GCC_WARN_ABOUT_RETURN_TYPE = YES_ERROR;
				GCC_WARN_UNDECLARED_SELECTOR = YES;
				GCC_WARN_UNINITIALIZED_AUTOS = YES_AGGRESSIVE;
				GCC_WARN_UNUSED_FUNCTION = YES;
				GCC_WARN_UNUSED_VARIABLE = YES;
				IPHONEOS_DEPLOYMENT_TARGET = 9.3;
				MTL_ENABLE_DEBUG_INFO = YES;
				ONLY_ACTIVE_ARCH = YES;
				SDKROOT = iphoneos;
				SWIFT_OPTIMIZATION_LEVEL = "-Onone";
			};
			name = Debug;
		};
		57D3ECA91CA528B50089B52E /* Release */ = {
			isa = XCBuildConfiguration;
			buildSettings = {
				ALWAYS_SEARCH_USER_PATHS = NO;
				CLANG_ANALYZER_NONNULL = YES;
				CLANG_CXX_LANGUAGE_STANDARD = "gnu++0x";
				CLANG_CXX_LIBRARY = "libc++";
				CLANG_ENABLE_MODULES = YES;
				CLANG_ENABLE_OBJC_ARC = YES;
				CLANG_WARN_BOOL_CONVERSION = YES;
				CLANG_WARN_CONSTANT_CONVERSION = YES;
				CLANG_WARN_DIRECT_OBJC_ISA_USAGE = YES_ERROR;
				CLANG_WARN_EMPTY_BODY = YES;
				CLANG_WARN_ENUM_CONVERSION = YES;
				CLANG_WARN_INT_CONVERSION = YES;
				CLANG_WARN_OBJC_ROOT_CLASS = YES_ERROR;
				CLANG_WARN_UNREACHABLE_CODE = YES;
				CLANG_WARN__DUPLICATE_METHOD_MATCH = YES;
				"CODE_SIGN_IDENTITY[sdk=iphoneos*]" = "iPhone Developer";
				COPY_PHASE_STRIP = NO;
				DEBUG_INFORMATION_FORMAT = "dwarf-with-dsym";
				ENABLE_NS_ASSERTIONS = NO;
				ENABLE_STRICT_OBJC_MSGSEND = YES;
				GCC_C_LANGUAGE_STANDARD = gnu99;
				GCC_NO_COMMON_BLOCKS = YES;
				GCC_WARN_64_TO_32_BIT_CONVERSION = YES;
				GCC_WARN_ABOUT_RETURN_TYPE = YES_ERROR;
				GCC_WARN_UNDECLARED_SELECTOR = YES;
				GCC_WARN_UNINITIALIZED_AUTOS = YES_AGGRESSIVE;
				GCC_WARN_UNUSED_FUNCTION = YES;
				GCC_WARN_UNUSED_VARIABLE = YES;
				IPHONEOS_DEPLOYMENT_TARGET = 9.3;
				MTL_ENABLE_DEBUG_INFO = NO;
				SDKROOT = iphoneos;
				VALIDATE_PRODUCT = YES;
			};
			name = Release;
		};
		57D3ECAB1CA528B50089B52E /* Debug */ = {
			isa = XCBuildConfiguration;
			buildSettings = {
				ASSETCATALOG_COMPILER_APPICON_NAME = AppIcon;
				CODE_SIGN_IDENTITY = "iPhone Developer";
				"CODE_SIGN_IDENTITY[sdk=iphoneos*]" = "iPhone Developer";
				INFOPLIST_FILE = 0325trymap/Info.plist;
				LD_RUNPATH_SEARCH_PATHS = "$(inherited) @executable_path/Frameworks";
				PRODUCT_BUNDLE_IDENTIFIER = "me.cgua.-325trymap";
				PRODUCT_NAME = "$(TARGET_NAME)";
				PROVISIONING_PROFILE = "";
			};
			name = Debug;
		};
		57D3ECAC1CA528B50089B52E /* Release */ = {
			isa = XCBuildConfiguration;
			buildSettings = {
				ASSETCATALOG_COMPILER_APPICON_NAME = AppIcon;
				CODE_SIGN_IDENTITY = "iPhone Developer";
				"CODE_SIGN_IDENTITY[sdk=iphoneos*]" = "iPhone Developer";
				INFOPLIST_FILE = 0325trymap/Info.plist;
				LD_RUNPATH_SEARCH_PATHS = "$(inherited) @executable_path/Frameworks";
				PRODUCT_BUNDLE_IDENTIFIER = "me.cgua.-325trymap";
				PRODUCT_NAME = "$(TARGET_NAME)";
				PROVISIONING_PROFILE = "";
			};
			name = Release;
		};
/* End XCBuildConfiguration section */

/* Begin XCConfigurationList section */
		57D3EC901CA528B50089B52E /* Build configuration list for PBXProject "0325trymap" */ = {
			isa = XCConfigurationList;
			buildConfigurations = (
				57D3ECA81CA528B50089B52E /* Debug */,
				57D3ECA91CA528B50089B52E /* Release */,
			);
			defaultConfigurationIsVisible = 0;
			defaultConfigurationName = Release;
		};
		57D3ECAA1CA528B50089B52E /* Build configuration list for PBXNativeTarget "0325trymap" */ = {
			isa = XCConfigurationList;
			buildConfigurations = (
				57D3ECAB1CA528B50089B52E /* Debug */,
				57D3ECAC1CA528B50089B52E /* Release */,
			);
			defaultConfigurationIsVisible = 0;
			defaultConfigurationName = Release;
		};
/* End XCConfigurationList section */

/* Begin XCVersionGroup section */
		57D3ECB81CA571940089B52E /* txtlist.xcdatamodeld */ = {
			isa = XCVersionGroup;
			children = (
				57D3ECB91CA571940089B52E /* txtlist.xcdatamodel */,
			);
			currentVersion = 57D3ECB91CA571940089B52E /* txtlist.xcdatamodel */;
			path = txtlist.xcdatamodeld;
			sourceTree = "<group>";
			versionGroupType = wrapper.xcdatamodel;
		};
/* End XCVersionGroup section */
	};
	rootObject = 57D3EC8D1CA528B50089B52E /* Project object */;
}
